
Microsoft Visual Studio Solution File, Format Version 12.00
# Visual Studio Express 2013 for Windows Desktop
VisualStudioVersion = 12.0.21005.1
MinimumVisualStudioVersion = 10.0.40219.1
Project("{8BC9CEB8-8B4A-11D0-8D11-00A0C91BC942}") = "OnceMoreWithFeeling", "OnceMoreWithFeeling\OnceMoreWithFeeling.vcxproj", "{9CED2972-BF60-4543-91DE-97002A56DBAA}"
EndProject
Project("{8BC9CEB8-8B4A-11D0-8D11-00A0C91BC942}") = "Teapots", "Teapots\Teapots.vcxproj", "{241BB5C1-D0E2-4D8C-B866-4E0020BDEA82}"
	ProjectSection(ProjectDependencies) = postProject
		{9CED2972-BF60-4543-91DE-97002A56DBAA} = {9CED2972-BF60-4543-91DE-97002A56DBAA}
	EndProjectSection
EndProject
Project("{8BC9CEB8-8B4A-11D0-8D11-00A0C91BC942}") = "Swarm", "Swarm\Swarm.vcxproj", "{96F1BD0B-4AF9-4032-967F-76F0D99E3B52}"
EndProject
Project("{8BC9CEB8-8B4A-11D0-8D11-00A0C91BC942}") = "CloudNine", "CloudNine\CloudNine.vcxproj", "{5E9B7800-FE86-4E13-8A60-7253C579B361}"
EndProject
Project("{8BC9CEB8-8B4A-11D0-8D11-00A0C91BC942}") = "DataCube", "DataCube\DataCube.vcxproj", "{3BDA7B37-B0D6-453B-B3AA-C359052126F7}"
EndProject
Project("{8BC9CEB8-8B4A-11D0-8D11-00A0C91BC942}") = "HexField", "HexField\HexField.vcxproj", "{7667C322-4C40-4027-9246-58DCB50F884B}"
EndProject
Project("{8BC9CEB8-8B4A-11D0-8D11-00A0C91BC942}") = "FboTest", "FboTest\FboTest.vcxproj", "{8A300204-1B25-4B3B-B9D9-172FB51DAE18}"
EndProject
Project("{8BC9CEB8-8B4A-11D0-8D11-00A0C91BC942}") = "Terrain", "Terrain\Terrain.vcxproj", "{24B4E479-9A8C-44E4-85BB-305EBC0322B2}"
EndProject
Global
	GlobalSection(SolutionConfigurationPlatforms) = preSolution
		Debug|Win32 = Debug|Win32
		DebugDynamic|Win32 = DebugDynamic|Win32
		Release|Win32 = Release|Win32
		ReleaseDynamic|Win32 = ReleaseDynamic|Win32
	EndGlobalSection
	GlobalSection(ProjectConfigurationPlatforms) = postSolution
		{9CED2972-BF60-4543-91DE-97002A56DBAA}.Debug|Win32.ActiveCfg = Debug|Win32
		{9CED2972-BF60-4543-91DE-97002A56DBAA}.Debug|Win32.Build.0 = Debug|Win32
		{9CED2972-BF60-4543-91DE-97002A56DBAA}.DebugDynamic|Win32.ActiveCfg = DebugDynamic|Win32
		{9CED2972-BF60-4543-91DE-97002A56DBAA}.DebugDynamic|Win32.Build.0 = DebugDynamic|Win32
		{9CED2972-BF60-4543-91DE-97002A56DBAA}.Release|Win32.ActiveCfg = Release|Win32
		{9CED2972-BF60-4543-91DE-97002A56DBAA}.Release|Win32.Build.0 = Release|Win32
		{9CED2972-BF60-4543-91DE-97002A56DBAA}.ReleaseDynamic|Win32.ActiveCfg = ReleaseDynamic|Win32
		{9CED2972-BF60-4543-91DE-97002A56DBAA}.ReleaseDynamic|Win32.Build.0 = ReleaseDynamic|Win32
		{241BB5C1-D0E2-4D8C-B866-4E0020BDEA82}.Debug|Win32.ActiveCfg = Debug|Win32
		{241BB5C1-D0E2-4D8C-B866-4E0020BDEA82}.Debug|Win32.Build.0 = Debug|Win32
		{241BB5C1-D0E2-4D8C-B866-4E0020BDEA82}.DebugDynamic|Win32.ActiveCfg = Debug|Win32
		{241BB5C1-D0E2-4D8C-B866-4E0020BDEA82}.Release|Win32.ActiveCfg = Release|Win32
		{241BB5C1-D0E2-4D8C-B866-4E0020BDEA82}.Release|Win32.Build.0 = Release|Win32
		{241BB5C1-D0E2-4D8C-B866-4E0020BDEA82}.ReleaseDynamic|Win32.ActiveCfg = Release|Win32
		{96F1BD0B-4AF9-4032-967F-76F0D99E3B52}.Debug|Win32.ActiveCfg = Debug|Win32
		{96F1BD0B-4AF9-4032-967F-76F0D99E3B52}.Debug|Win32.Build.0 = Debug|Win32
		{96F1BD0B-4AF9-4032-967F-76F0D99E3B52}.DebugDynamic|Win32.ActiveCfg = Debug|Win32
		{96F1BD0B-4AF9-4032-967F-76F0D99E3B52}.Release|Win32.ActiveCfg = Release|Win32
		{96F1BD0B-4AF9-4032-967F-76F0D99E3B52}.Release|Win32.Build.0 = Release|Win32
		{96F1BD0B-4AF9-4032-967F-76F0D99E3B52}.ReleaseDynamic|Win32.ActiveCfg = Release|Win32
		{5E9B7800-FE86-4E13-8A60-7253C579B361}.Debug|Win32.ActiveCfg = Debug|Win32
		{5E9B7800-FE86-4E13-8A60-7253C579B361}.Debug|Win32.Build.0 = Debug|Win32
		{5E9B7800-FE86-4E13-8A60-7253C579B361}.DebugDynamic|Win32.ActiveCfg = Debug|Win32
		{5E9B7800-FE86-4E13-8A60-7253C579B361}.Release|Win32.ActiveCfg = Release|Win32
		{5E9B7800-FE86-4E13-8A60-7253C579B361}.Release|Win32.Build.0 = Release|Win32
		{5E9B7800-FE86-4E13-8A60-7253C579B361}.ReleaseDynamic|Win32.ActiveCfg = Release|Win32
		{3BDA7B37-B0D6-453B-B3AA-C359052126F7}.Debug|Win32.ActiveCfg = Debug|Win32
		{3BDA7B37-B0D6-453B-B3AA-C359052126F7}.Debug|Win32.Build.0 = Debug|Win32
		{3BDA7B37-B0D6-453B-B3AA-C359052126F7}.DebugDynamic|Win32.ActiveCfg = Debug|Win32
		{3BDA7B37-B0D6-453B-B3AA-C359052126F7}.Release|Win32.ActiveCfg = Release|Win32
		{3BDA7B37-B0D6-453B-B3AA-C359052126F7}.Release|Win32.Build.0 = Release|Win32
		{3BDA7B37-B0D6-453B-B3AA-C359052126F7}.ReleaseDynamic|Win32.ActiveCfg = Release|Win32
		{7667C322-4C40-4027-9246-58DCB50F884B}.Debug|Win32.ActiveCfg = Debug|Win32
		{7667C322-4C40-4027-9246-58DCB50F884B}.Debug|Win32.Build.0 = Debug|Win32
		{7667C322-4C40-4027-9246-58DCB50F884B}.DebugDynamic|Win32.ActiveCfg = Debug|Win32
		{7667C322-4C40-4027-9246-58DCB50F884B}.Release|Win32.ActiveCfg = Release|Win32
		{7667C322-4C40-4027-9246-58DCB50F884B}.Release|Win32.Build.0 = Release|Win32
		{7667C322-4C40-4027-9246-58DCB50F884B}.ReleaseDynamic|Win32.ActiveCfg = Release|Win32
		{8A300204-1B25-4B3B-B9D9-172FB51DAE18}.Debug|Win32.ActiveCfg = Debug|Win32
		{8A300204-1B25-4B3B-B9D9-172FB51DAE18}.Debug|Win32.Build.0 = Debug|Win32
		{8A300204-1B25-4B3B-B9D9-172FB51DAE18}.DebugDynamic|Win32.ActiveCfg = Debug|Win32
		{8A300204-1B25-4B3B-B9D9-172FB51DAE18}.Release|Win32.ActiveCfg = Release|Win32
		{8A300204-1B25-4B3B-B9D9-172FB51DAE18}.Release|Win32.Build.0 = Release|Win32
		{8A300204-1B25-4B3B-B9D9-172FB51DAE18}.ReleaseDynamic|Win32.ActiveCfg = Release|Win32
		{24B4E479-9A8C-44E4-85BB-305EBC0322B2}.Debug|Win32.ActiveCfg = Debug|Win32
		{24B4E479-9A8C-44E4-85BB-305EBC0322B2}.Debug|Win32.Build.0 = Debug|Win32
		{24B4E479-9A8C-44E4-85BB-305EBC0322B2}.DebugDynamic|Win32.ActiveCfg = Debug|Win32
		{24B4E479-9A8C-44E4-85BB-305EBC0322B2}.DebugDynamic|Win32.Build.0 = Debug|Win32
		{24B4E479-9A8C-44E4-85BB-305EBC0322B2}.Release|Win32.ActiveCfg = Release|Win32
		{24B4E479-9A8C-44E4-85BB-305EBC0322B2}.Release|Win32.Build.0 = Release|Win32
		{24B4E479-9A8C-44E4-85BB-305EBC0322B2}.ReleaseDynamic|Win32.ActiveCfg = Release|Win32
		{24B4E479-9A8C-44E4-85BB-305EBC0322B2}.ReleaseDynamic|Win32.Build.0 = Release|Win32
	EndGlobalSection
	GlobalSection(SolutionProperties) = preSolution
		HideSolutionNode = FALSE
	EndGlobalSection
EndGlobal
